
Microsoft Visual Studio Solution File, Format Version 12.00
# Visual Studio Version 17
VisualStudioVersion = 17.5.002.0
MinimumVisualStudioVersion = 10.0.40219.1
Project("{9A19103F-16F7-4668-BE54-9A1E7A4F7556}") = "13Abstracao", "13Abstracao.csproj", "{4DC11582-EF84-4636-969A-5F379E4A4401}"
EndProject
Global
	GlobalSection(SolutionConfigurationPlatforms) = preSolution
		Debug|Any CPU = Debug|Any CPU
		Release|Any CPU = Release|Any CPU
	EndGlobalSection
	GlobalSection(ProjectConfigurationPlatforms) = postSolution
		{4DC11582-EF84-4636-969A-5F379E4A4401}.Debug|Any CPU.ActiveCfg = Debug|Any CPU
		{4DC11582-EF84-4636-969A-5F379E4A4401}.Debug|Any CPU.Build.0 = Debug|Any CPU
		{4DC11582-EF84-4636-969A-5F379E4A4401}.Release|Any CPU.ActiveCfg = Release|Any CPU
		{4DC11582-EF84-4636-969A-5F379E4A4401}.Release|Any CPU.Build.0 = Release|Any CPU
	EndGlobalSection
	GlobalSection(SolutionProperties) = preSolution
		HideSolutionNode = FALSE
	EndGlobalSection
	GlobalSection(ExtensibilityGlobals) = postSolution
		SolutionGuid = {FBD74152-4567-48AB-A190-815FE6AB1EFA}
	EndGlobalSection
EndGlobal
