
Microsoft Visual Studio Solution File, Format Version 12.00
# Visual Studio Version 17
VisualStudioVersion = 17.5.002.0
MinimumVisualStudioVersion = 10.0.40219.1
Project("{9A19103F-16F7-4668-BE54-9A1E7A4F7556}") = "14Interface", "14Interface.csproj", "{95D81578-93E8-4A58-A353-19DE8609035E}"
EndProject
Global
	GlobalSection(SolutionConfigurationPlatforms) = preSolution
		Debug|Any CPU = Debug|Any CPU
		Release|Any CPU = Release|Any CPU
	EndGlobalSection
	GlobalSection(ProjectConfigurationPlatforms) = postSolution
		{95D81578-93E8-4A58-A353-19DE8609035E}.Debug|Any CPU.ActiveCfg = Debug|Any CPU
		{95D81578-93E8-4A58-A353-19DE8609035E}.Debug|Any CPU.Build.0 = Debug|Any CPU
		{95D81578-93E8-4A58-A353-19DE8609035E}.Release|Any CPU.ActiveCfg = Release|Any CPU
		{95D81578-93E8-4A58-A353-19DE8609035E}.Release|Any CPU.Build.0 = Release|Any CPU
	EndGlobalSection
	GlobalSection(SolutionProperties) = preSolution
		HideSolutionNode = FALSE
	EndGlobalSection
	GlobalSection(ExtensibilityGlobals) = postSolution
		SolutionGuid = {5BECFA0B-2DD5-4574-8EB7-70D0429F0D77}
	EndGlobalSection
EndGlobal
