
Microsoft Visual Studio Solution File, Format Version 12.00
# Visual Studio Version 17
VisualStudioVersion = 17.5.002.0
MinimumVisualStudioVersion = 10.0.40219.1
Project("{9A19103F-16F7-4668-BE54-9A1E7A4F7556}") = "09This", "09This.csproj", "{A799BBBB-9744-466A-A93E-EEBB32AA202E}"
EndProject
Global
	GlobalSection(SolutionConfigurationPlatforms) = preSolution
		Debug|Any CPU = Debug|Any CPU
		Release|Any CPU = Release|Any CPU
	EndGlobalSection
	GlobalSection(ProjectConfigurationPlatforms) = postSolution
		{A799BBBB-9744-466A-A93E-EEBB32AA202E}.Debug|Any CPU.ActiveCfg = Debug|Any CPU
		{A799BBBB-9744-466A-A93E-EEBB32AA202E}.Debug|Any CPU.Build.0 = Debug|Any CPU
		{A799BBBB-9744-466A-A93E-EEBB32AA202E}.Release|Any CPU.ActiveCfg = Release|Any CPU
		{A799BBBB-9744-466A-A93E-EEBB32AA202E}.Release|Any CPU.Build.0 = Release|Any CPU
	EndGlobalSection
	GlobalSection(SolutionProperties) = preSolution
		HideSolutionNode = FALSE
	EndGlobalSection
	GlobalSection(ExtensibilityGlobals) = postSolution
		SolutionGuid = {B5E57FB8-5A9E-4FBE-95C6-90D15A685439}
	EndGlobalSection
EndGlobal
