
Microsoft Visual Studio Solution File, Format Version 12.00
# Visual Studio Version 17
VisualStudioVersion = 17.5.002.0
MinimumVisualStudioVersion = 10.0.40219.1
Project("{9A19103F-16F7-4668-BE54-9A1E7A4F7556}") = "11Polimorfismo", "11Polimorfismo.csproj", "{443CC101-73DE-4BE9-861E-F032FE45ACC9}"
EndProject
Global
	GlobalSection(SolutionConfigurationPlatforms) = preSolution
		Debug|Any CPU = Debug|Any CPU
		Release|Any CPU = Release|Any CPU
	EndGlobalSection
	GlobalSection(ProjectConfigurationPlatforms) = postSolution
		{443CC101-73DE-4BE9-861E-F032FE45ACC9}.Debug|Any CPU.ActiveCfg = Debug|Any CPU
		{443CC101-73DE-4BE9-861E-F032FE45ACC9}.Debug|Any CPU.Build.0 = Debug|Any CPU
		{443CC101-73DE-4BE9-861E-F032FE45ACC9}.Release|Any CPU.ActiveCfg = Release|Any CPU
		{443CC101-73DE-4BE9-861E-F032FE45ACC9}.Release|Any CPU.Build.0 = Release|Any CPU
	EndGlobalSection
	GlobalSection(SolutionProperties) = preSolution
		HideSolutionNode = FALSE
	EndGlobalSection
	GlobalSection(ExtensibilityGlobals) = postSolution
		SolutionGuid = {91D1DE7F-7BFB-45ED-9A5F-4818A798DA8A}
	EndGlobalSection
EndGlobal
